
Microsoft Visual Studio Solution File, Format Version 12.00
# Visual Studio Version 16
VisualStudioVersion = 16.0.31702.278
MinimumVisualStudioVersion = 10.0.40219.1
Project("{FAE04EC0-301F-11D3-BF4B-00C04F79EFBC}") = "Hello_World_GUI", "Hello_World_GUI.csproj", "{A247BBF4-59B5-4987-8671-44C6577B831D}"
EndProject
Global
	GlobalSection(SolutionConfigurationPlatforms) = preSolution
		Debug|Any CPU = Debug|Any CPU
		Release|Any CPU = Release|Any CPU
	EndGlobalSection
	GlobalSection(ProjectConfigurationPlatforms) = postSolution
		{A247BBF4-59B5-4987-8671-44C6577B831D}.Debug|Any CPU.ActiveCfg = Debug|Any CPU
		{A247BBF4-59B5-4987-8671-44C6577B831D}.Debug|Any CPU.Build.0 = Debug|Any CPU
		{A247BBF4-59B5-4987-8671-44C6577B831D}.Release|Any CPU.ActiveCfg = Release|Any CPU
		{A247BBF4-59B5-4987-8671-44C6577B831D}.Release|Any CPU.Build.0 = Release|Any CPU
	EndGlobalSection
	GlobalSection(SolutionProperties) = preSolution
		HideSolutionNode = FALSE
	EndGlobalSection
	GlobalSection(ExtensibilityGlobals) = postSolution
		SolutionGuid = {21B9F520-343F-4817-828A-9044F0378DC0}
	EndGlobalSection
EndGlobal
